
Microsoft Visual Studio Solution File, Format Version 12.00
# Visual Studio Version 17
VisualStudioVersion = 17.1.32414.318
MinimumVisualStudioVersion = 10.0.40219.1
Project("{F2A71F9B-5D33-465A-A702-920D77279786}") = "Test", "Test\Test.fsproj", "{A05C5816-BDB3-478A-9EF1-1B784DE7186A}"
EndProject
Global
	GlobalSection(SolutionConfigurationPlatforms) = preSolution
		Debug|Any CPU = Debug|Any CPU
		Release|Any CPU = Release|Any CPU
	EndGlobalSection
	GlobalSection(ProjectConfigurationPlatforms) = postSolution
		{A05C5816-BDB3-478A-9EF1-1B784DE7186A}.Debug|Any CPU.ActiveCfg = Debug|Any CPU
		{A05C5816-BDB3-478A-9EF1-1B784DE7186A}.Debug|Any CPU.Build.0 = Debug|Any CPU
		{A05C5816-BDB3-478A-9EF1-1B784DE7186A}.Release|Any CPU.ActiveCfg = Release|Any CPU
		{A05C5816-BDB3-478A-9EF1-1B784DE7186A}.Release|Any CPU.Build.0 = Release|Any CPU
	EndGlobalSection
	GlobalSection(SolutionProperties) = preSolution
		HideSolutionNode = FALSE
	EndGlobalSection
	GlobalSection(ExtensibilityGlobals) = postSolution
		SolutionGuid = {323B3DCB-B626-4FE6-A90C-E10443C5FD83}
	EndGlobalSection
EndGlobal
